// !$*UTF8*$!
{
	archiveVersion = 1;
	classes = {
	};
	objectVersion = 42;
	objects = {

/* Begin PBXBuildFile section */
		3802E5840BD7E65C00B6DA5A /* SoftwareMenus.m in Sources */ = {isa = PBXBuildFile; fileRef = 3802E5830BD7E65C00B6DA5A /* SoftwareMenus.m */; };
		3802E58A0BD7E8C300B6DA5A /* SMProgressBarControl.m in Sources */ = {isa = PBXBuildFile; fileRef = 3802E5890BD7E8C300B6DA5A /* SMProgressBarControl.m */; };
		87AD8DA70F630681003907EF /* BackRow.h in Headers */ = {isa = PBXBuildFile; fileRef = 87AD8DA60F630681003907EF /* BackRow.h */; };
		87AD8E070F630AAF003907EF /* softwaremenu.png in Resources */ = {isa = PBXBuildFile; fileRef = 87AD8E060F630AAF003907EF /* softwaremenu.png */; };
		87AD8E4E0F630B68003907EF /* selsettings.png in Resources */ = {isa = PBXBuildFile; fileRef = 87AD8E4D0F630B68003907EF /* selsettings.png */; };
		8D5B49B0048680CD000E48DA /* InfoPlist.strings in Resources */ = {isa = PBXBuildFile; fileRef = 089C167DFE841241C02AAC07 /* InfoPlist.strings */; };
		E204063E0F5A64B2008F2DF7 /* SMGeneralMethods.m in Sources */ = {isa = PBXBuildFile; fileRef = E204063D0F5A64B2008F2DF7 /* SMGeneralMethods.m */; };
		E2078CA30F85C49E005327E7 /* QuartzCore.framework in Frameworks */ = {isa = PBXBuildFile; fileRef = E2078CA20F85C49D005327E7 /* QuartzCore.framework */; };
		E2078FB20F85C4D8005327E7 /* Cocoa.framework in Frameworks */ = {isa = PBXBuildFile; fileRef = E2078FB10F85C4D8005327E7 /* Cocoa.framework */; };
		E20791A70F85C714005327E7 /* Foundation.framework in Frameworks */ = {isa = PBXBuildFile; fileRef = E20791A60F85C714005327E7 /* Foundation.framework */; };
		E20C16660EA8278800739E75 /* remove.sh in Resources */ = {isa = PBXBuildFile; fileRef = E20C16620EA8278700739E75 /* remove.sh */; };
		E20C16670EA8278800739E75 /* install.sh in Resources */ = {isa = PBXBuildFile; fileRef = E20C16630EA8278800739E75 /* install.sh */; };
		E20C16680EA8278800739E75 /* restore.sh in Resources */ = {isa = PBXBuildFile; fileRef = E20C16640EA8278800739E75 /* restore.sh */; };
		E20C16690EA8278800739E75 /* backup.sh in Resources */ = {isa = PBXBuildFile; fileRef = E20C16650EA8278800739E75 /* backup.sh */; };
		E20C16F30EA90EA500739E75 /* SMThirdPartyMenu.m in Sources */ = {isa = PBXBuildFile; fileRef = E20C16F20EA90EA500739E75 /* SMThirdPartyMenu.m */; };
		E20C1B850EA92CED00739E75 /* SoftwareBuiltInMenu.m in Sources */ = {isa = PBXBuildFile; fileRef = E20C1B840EA92CED00739E75 /* SoftwareBuiltInMenu.m */; };
		E20C1C9B0EA9732200739E75 /* Hide.sh in Resources */ = {isa = PBXBuildFile; fileRef = E20C1C9A0EA9732200739E75 /* Hide.sh */; };
		E20C1C9D0EA973EE00739E75 /* Show.sh in Resources */ = {isa = PBXBuildFile; fileRef = E20C1C9C0EA973EE00739E75 /* Show.sh */; };
		E20C1CCC0EA980B900739E75 /* SoftwareScriptsMenu.m in Sources */ = {isa = PBXBuildFile; fileRef = E20C1CCB0EA980B900739E75 /* SoftwareScriptsMenu.m */; };
		E20C1CE50EA983AA00739E75 /* hello.sh in Resources */ = {isa = PBXBuildFile; fileRef = E20C1CE20EA983AA00739E75 /* hello.sh */; };
		E20C1CE60EA983AA00739E75 /* Reboot.sh in Resources */ = {isa = PBXBuildFile; fileRef = E20C1CE30EA983AA00739E75 /* Reboot.sh */; };
		E20C1CE70EA983AA00739E75 /* Populate.sh in Resources */ = {isa = PBXBuildFile; fileRef = E20C1CE40EA983AA00739E75 /* Populate.sh */; };
		E20C1CEB0EA9841100739E75 /* Scripts.plist in Resources */ = {isa = PBXBuildFile; fileRef = E20C1CEA0EA9841100739E75 /* Scripts.plist */; };
		E224B56C0EC2827100D9D783 /* internet.png in Resources */ = {isa = PBXBuildFile; fileRef = E224B56B0EC2827100D9D783 /* internet.png */; };
		E236DA3C0F64368E003C02CA /* QuDownloader_Prefix.pch in Headers */ = {isa = PBXBuildFile; fileRef = E236DA3B0F64368E003C02CA /* QuDownloader_Prefix.pch */; };
		E24523600EABCAE600E4127B /* SoftwareUpdater.m in Sources */ = {isa = PBXBuildFile; fileRef = E245235F0EABCAE600E4127B /* SoftwareUpdater.m */; };
		E24524B70EABD98700E4127B /* Perian.png in Resources */ = {isa = PBXBuildFile; fileRef = E24524B40EABD98700E4127B /* Perian.png */; };
		E24524B80EABD98700E4127B /* package.png in Resources */ = {isa = PBXBuildFile; fileRef = E24524B50EABD98700E4127B /* package.png */; };
		E24525230EABDF7D00E4127B /* timemachine.png in Resources */ = {isa = PBXBuildFile; fileRef = E24525220EABDF7D00E4127B /* timemachine.png */; };
		E245252B0EABE04900E4127B /* trashempty.png in Resources */ = {isa = PBXBuildFile; fileRef = E245252A0EABE04900E4127B /* trashempty.png */; };
		E24525410EABFAB100E4127B /* script.png in Resources */ = {isa = PBXBuildFile; fileRef = E24525400EABFAB100E4127B /* script.png */; };
		E24525490EABFEB700E4127B /* softwareupdate.png in Resources */ = {isa = PBXBuildFile; fileRef = E24525480EABFEB700E4127B /* softwareupdate.png */; };
		E24689680F5F8C020009B44A /* power.png in Resources */ = {isa = PBXBuildFile; fileRef = E24689670F5F8C020009B44A /* power.png */; };
		E246897A0F5F8F7C0009B44A /* scriptLicense.png in Resources */ = {isa = PBXBuildFile; fileRef = E24689790F5F8F7C0009B44A /* scriptLicense.png */; };
		E25576D80EBE53DC002B6313 /* reset.sh in Resources */ = {isa = PBXBuildFile; fileRef = E25576D70EBE53DC002B6313 /* reset.sh */; };
		E2587A940F55980600671F59 /* SMFrappMover.m in Sources */ = {isa = PBXBuildFile; fileRef = E2587A930F55980600671F59 /* SMFrappMover.m */; };
		E25CC0910F6228B00024A371 /* Localizable.strings in Resources */ = {isa = PBXBuildFile; fileRef = E25CC08F0F6228B00024A371 /* Localizable.strings */; };
		E26B10E30F6EFED40005E868 /* SMUOptions.h in Headers */ = {isa = PBXBuildFile; fileRef = E26B10E10F6EFED40005E868 /* SMUOptions.h */; };
		E26B10E40F6EFED40005E868 /* SMUOptions.m in Sources */ = {isa = PBXBuildFile; fileRef = E26B10E20F6EFED40005E868 /* SMUOptions.m */; };
		E273B2430F647CAC00E516B5 /* readmeupd.txt in Resources */ = {isa = PBXBuildFile; fileRef = E273B2420F647CAC00E516B5 /* readmeupd.txt */; };
		E2817F210F8D7B0B0065D70D /* VNC.png in Resources */ = {isa = PBXBuildFile; fileRef = E2817F1F0F8D7B0B0065D70D /* VNC.png */; };
		E2817F8A0F8D96D20065D70D /* dropbear.tar.gz in Resources */ = {isa = PBXBuildFile; fileRef = E2817F890F8D96D20065D70D /* dropbear.tar.gz */; };
		E2817FA80F8DA2200065D70D /* AFP.png in Resources */ = {isa = PBXBuildFile; fileRef = E2817FA70F8DA2200065D70D /* AFP.png */; };
		E28180490F8E48980065D70D /* RW.png in Resources */ = {isa = PBXBuildFile; fileRef = E28180480F8E48980065D70D /* RW.png */; };
		E281804D0F8E4CAD0065D70D /* FTP.png in Resources */ = {isa = PBXBuildFile; fileRef = E281804C0F8E4CAD0065D70D /* FTP.png */; };
		E28E20970F93FE3900FC63C9 /* SMMediaPreview.m in Sources */ = {isa = PBXBuildFile; fileRef = E28E20960F93FE3900FC63C9 /* SMMediaPreview.m */; };
		E28E209E0F9401A700FC63C9 /* SMMediaPreview.h in Headers */ = {isa = PBXBuildFile; fileRef = E28E209D0F9401A700FC63C9 /* SMMediaPreview.h */; };
		E291BB0F0E9D568C00190C96 /* SMInstallMenu.m in Sources */ = {isa = PBXBuildFile; fileRef = E291BB0E0E9D568C00190C96 /* SMInstallMenu.m */; };
		E29A092C0F854FC0004CC67C /* SMUpdateLists.h in Headers */ = {isa = PBXBuildFile; fileRef = E29A092A0F854FC0004CC67C /* SMUpdateLists.h */; };
		E29A092D0F854FC0004CC67C /* SMUpdateLists.m in Sources */ = {isa = PBXBuildFile; fileRef = E29A092B0F854FC0004CC67C /* SMUpdateLists.m */; };
		E29FA09E0F585603002BE2B0 /* SMUpdater.m in Sources */ = {isa = PBXBuildFile; fileRef = E29FA09D0F585603002BE2B0 /* SMUpdater.m */; };
		E29FA39B0F58A7AB002BE2B0 /* SMDownloaderSTD.m in Sources */ = {isa = PBXBuildFile; fileRef = E29FA39A0F58A7AB002BE2B0 /* SMDownloaderSTD.m */; };
		E29FA5E00F59D275002BE2B0 /* SMUpdaterProcess.m in Sources */ = {isa = PBXBuildFile; fileRef = E29FA5DF0F59D275002BE2B0 /* SMUpdaterProcess.m */; };
		E2A23A300EBFDAE000D606C2 /* SoftwareSettings.m in Sources */ = {isa = PBXBuildFile; fileRef = E2A23A2F0EBFDAE000D606C2 /* SoftwareSettings.m */; };
		E2A23E240EBFF8DD00D606C2 /* syspref.png in Resources */ = {isa = PBXBuildFile; fileRef = E2A23E230EBFF8DD00D606C2 /* syspref.png */; };
		E2A240D50EC0ACC800D606C2 /* SoftwareManual.m in Sources */ = {isa = PBXBuildFile; fileRef = E2A240D40EC0ACC800D606C2 /* SoftwareManual.m */; };
		E2A35E9C0EAD784300FB6FD7 /* installs.sh in Resources */ = {isa = PBXBuildFile; fileRef = E2A35E9B0EAD784300FB6FD7 /* installs.sh */; };
		E2A35EE00EAD7C1A00FB6FD7 /* unzip in Resources */ = {isa = PBXBuildFile; fileRef = E2A35EDF0EAD7C1A00FB6FD7 /* unzip */; };
		E2A35F190EAD85A600FB6FD7 /* incscript.sh in Resources */ = {isa = PBXBuildFile; fileRef = E2A35F180EAD85A600FB6FD7 /* incscript.sh */; };
		E2A35FF20EAE030700FB6FD7 /* installHelper.m in Sources */ = {isa = PBXBuildFile; fileRef = E2A35FEF0EAE030700FB6FD7 /* installHelper.m */; };
		E2A35FF30EAE030700FB6FD7 /* installHelperClass.m in Sources */ = {isa = PBXBuildFile; fileRef = E2A35FF10EAE030700FB6FD7 /* installHelperClass.m */; };
		E2A360870EAE376E00FB6FD7 /* installHelper in Resources */ = {isa = PBXBuildFile; fileRef = E2A35FE80EAE02B900FB6FD7 /* installHelper */; };
		E2A9619A0F6302D9000509A8 /* ApplicationServices.framework in Frameworks */ = {isa = PBXBuildFile; fileRef = E2A961900F6302D9000509A8 /* ApplicationServices.framework */; };
		E2A9619C0F6302D9000509A8 /* CoreData.framework in Frameworks */ = {isa = PBXBuildFile; fileRef = E2A961920F6302D9000509A8 /* CoreData.framework */; };
		E2A9619F0F6302D9000509A8 /* QTKit.framework in Frameworks */ = {isa = PBXBuildFile; fileRef = E2A961950F6302D9000509A8 /* QTKit.framework */; };
		E2A961A10F6302D9000509A8 /* OpenGL.framework in Frameworks */ = {isa = PBXBuildFile; fileRef = E2A961970F6302D9000509A8 /* OpenGL.framework */; };
		E2ABC0010ECFDE44004771BB /* SoftwareManualInfo.m in Sources */ = {isa = PBXBuildFile; fileRef = E2ABC0000ECFDE44004771BB /* SoftwareManualInfo.m */; };
		E2B7A01A0F8AA6A3007B8BAB /* BackRow.framework in Frameworks */ = {isa = PBXBuildFile; fileRef = E2B7A0190F8AA6A3007B8BAB /* BackRow.framework */; };
		E2B7A01F0F8AA745007B8BAB /* iPhotoAccess.framework in Frameworks */ = {isa = PBXBuildFile; fileRef = E2B7A01E0F8AA745007B8BAB /* iPhotoAccess.framework */; };
		E2B7A18E0F8AD1CA007B8BAB /* AGProcess.h in Headers */ = {isa = PBXBuildFile; fileRef = E2B7A18C0F8AD1CA007B8BAB /* AGProcess.h */; };
		E2B7A18F0F8AD1CA007B8BAB /* AGProcess.m in Sources */ = {isa = PBXBuildFile; fileRef = E2B7A18D0F8AD1CA007B8BAB /* AGProcess.m */; };
		E2B7A1900F8AD1CA007B8BAB /* AGProcess.m in Sources */ = {isa = PBXBuildFile; fileRef = E2B7A18D0F8AD1CA007B8BAB /* AGProcess.m */; };
		E2B7A6AA0F8C1737007B8BAB /* gzip in Resources */ = {isa = PBXBuildFile; fileRef = E2B7A6A90F8C1737007B8BAB /* gzip */; };
		E2B7A83A0F8D0C45007B8BAB /* gunzip in Resources */ = {isa = PBXBuildFile; fileRef = E2B7A8390F8D0C45007B8BAB /* gunzip */; };
		E2CFDDCA0EAFD51B00BC03AB /* FixPerm.sh in Resources */ = {isa = PBXBuildFile; fileRef = E2CFDDC90EAFD51B00BC03AB /* FixPerm.sh */; };
		E2CFE0FC0EAFDE4C00BC03AB /* PH.png in Resources */ = {isa = PBXBuildFile; fileRef = E2CFE0FB0EAFDE4C00BC03AB /* PH.png */; };
		E2E0F3800F5E489C002EAE7F /* SMMedia.m in Sources */ = {isa = PBXBuildFile; fileRef = E2E0F37E0F5E489C002EAE7F /* SMMedia.m */; };
		E2E0F5D80F5EFC41002EAE7F /* SMTweaks.m in Sources */ = {isa = PBXBuildFile; fileRef = E2E0F5D70F5EFC41002EAE7F /* SMTweaks.m */; };
		E2E41B2C0ECCEC2A00D1697E /* SMInfo.m in Sources */ = {isa = PBXBuildFile; fileRef = E2E41B2B0ECCEC2A00D1697E /* SMInfo.m */; };
		E2F0A3CE0F8F832600625DC1 /* refresh.png in Resources */ = {isa = PBXBuildFile; fileRef = E2F0A3CD0F8F832600625DC1 /* refresh.png */; };
		E2F0A3D00F8F83D300625DC1 /* standby.png in Resources */ = {isa = PBXBuildFile; fileRef = E2F0A3CF0F8F83D300625DC1 /* standby.png */; };
		E2F0A3D20F8F841000625DC1 /* web.png in Resources */ = {isa = PBXBuildFile; fileRef = E2F0A3D10F8F841000625DC1 /* web.png */; };
		E2F0A4BC0F8F9D1200625DC1 /* Info.png in Resources */ = {isa = PBXBuildFile; fileRef = E2F0A4BB0F8F9D1200625DC1 /* Info.png */; };
/* End PBXBuildFile section */

/* Begin PBXFileReference section */
		089C167EFE841241C02AAC07 /* English */ = {isa = PBXFileReference; fileEncoding = 10; lastKnownFileType = text.plist.strings; name = English; path = English.lproj/InfoPlist.strings; sourceTree = "<group>"; };
		3802E5830BD7E65C00B6DA5A /* SoftwareMenus.m */ = {isa = PBXFileReference; fileEncoding = 4; lastKnownFileType = sourcecode.c.objc; path = SoftwareMenus.m; sourceTree = "<group>"; };
		3802E5880BD7E8C300B6DA5A /* SMProgressBarControl.h */ = {isa = PBXFileReference; fileEncoding = 4; lastKnownFileType = sourcecode.c.h; path = SMProgressBarControl.h; sourceTree = "<group>"; };
		3802E5890BD7E8C300B6DA5A /* SMProgressBarControl.m */ = {isa = PBXFileReference; fileEncoding = 4; lastKnownFileType = sourcecode.c.objc; path = SMProgressBarControl.m; sourceTree = "<group>"; };
		3802E59A0BD8262D00B6DA5A /* BRLocalizedString.h */ = {isa = PBXFileReference; fileEncoding = 30; lastKnownFileType = sourcecode.c.h; path = BRLocalizedString.h; sourceTree = "<group>"; };
		87AD8DA60F630681003907EF /* BackRow.h */ = {isa = PBXFileReference; fileEncoding = 4; lastKnownFileType = sourcecode.c.h; path = BackRow.h; sourceTree = "<group>"; };
		87AD8E060F630AAF003907EF /* softwaremenu.png */ = {isa = PBXFileReference; lastKnownFileType = image.png; path = softwaremenu.png; sourceTree = "<group>"; };
		87AD8E4D0F630B68003907EF /* selsettings.png */ = {isa = PBXFileReference; lastKnownFileType = image.png; path = selsettings.png; sourceTree = "<group>"; };
		8D5B49B6048680CD000E48DA /* SoftwareMenu.frappliance */ = {isa = PBXFileReference; explicitFileType = wrapper.cfbundle; includeInIndex = 0; path = SoftwareMenu.frappliance; sourceTree = BUILT_PRODUCTS_DIR; };
		8D5B49B7048680CD000E48DA /* Info.plist */ = {isa = PBXFileReference; fileEncoding = 4; lastKnownFileType = text.plist.xml; path = Info.plist; sourceTree = "<group>"; };
		E204063C0F5A64B2008F2DF7 /* SMGeneralMethods.h */ = {isa = PBXFileReference; fileEncoding = 4; lastKnownFileType = sourcecode.c.h; path = SMGeneralMethods.h; sourceTree = "<group>"; };
		E204063D0F5A64B2008F2DF7 /* SMGeneralMethods.m */ = {isa = PBXFileReference; fileEncoding = 4; lastKnownFileType = sourcecode.c.objc; path = SMGeneralMethods.m; sourceTree = "<group>"; };
		E2078CA20F85C49D005327E7 /* QuartzCore.framework */ = {isa = PBXFileReference; lastKnownFileType = wrapper.framework; name = QuartzCore.framework; path = System/Library/Frameworks/QuartzCore.framework; sourceTree = SDKROOT; };
		E2078FB10F85C4D8005327E7 /* Cocoa.framework */ = {isa = PBXFileReference; lastKnownFileType = wrapper.framework; name = Cocoa.framework; path = System/Library/Frameworks/Cocoa.framework; sourceTree = SDKROOT; };
		E20791A60F85C714005327E7 /* Foundation.framework */ = {isa = PBXFileReference; lastKnownFileType = wrapper.framework; name = Foundation.framework; path = /System/Library/Frameworks/Foundation.framework; sourceTree = "<absolute>"; };
		E20C16620EA8278700739E75 /* remove.sh */ = {isa = PBXFileReference; fileEncoding = 4; lastKnownFileType = text.script.sh; path = remove.sh; sourceTree = "<group>"; };
		E20C16630EA8278800739E75 /* install.sh */ = {isa = PBXFileReference; fileEncoding = 4; lastKnownFileType = text.script.sh; path = install.sh; sourceTree = "<group>"; };
		E20C16640EA8278800739E75 /* restore.sh */ = {isa = PBXFileReference; fileEncoding = 4; lastKnownFileType = text.script.sh; path = restore.sh; sourceTree = "<group>"; };
		E20C16650EA8278800739E75 /* backup.sh */ = {isa = PBXFileReference; fileEncoding = 4; lastKnownFileType = text.script.sh; path = backup.sh; sourceTree = "<group>"; };
		E20C16F10EA90EA400739E75 /* SMThirdPartyMenu.h */ = {isa = PBXFileReference; fileEncoding = 4; lastKnownFileType = sourcecode.c.h; path = SMThirdPartyMenu.h; sourceTree = "<group>"; };
		E20C16F20EA90EA500739E75 /* SMThirdPartyMenu.m */ = {isa = PBXFileReference; fileEncoding = 4; lastKnownFileType = sourcecode.c.objc; path = SMThirdPartyMenu.m; sourceTree = "<group>"; };
		E20C1B830EA92CED00739E75 /* SoftwareBuiltInMenu.h */ = {isa = PBXFileReference; fileEncoding = 4; lastKnownFileType = sourcecode.c.h; path = SoftwareBuiltInMenu.h; sourceTree = "<group>"; };
		E20C1B840EA92CED00739E75 /* SoftwareBuiltInMenu.m */ = {isa = PBXFileReference; fileEncoding = 4; lastKnownFileType = sourcecode.c.objc; path = SoftwareBuiltInMenu.m; sourceTree = "<group>"; };
		E20C1C9A0EA9732200739E75 /* Hide.sh */ = {isa = PBXFileReference; fileEncoding = 4; lastKnownFileType = text.script.sh; path = Hide.sh; sourceTree = "<group>"; };
		E20C1C9C0EA973EE00739E75 /* Show.sh */ = {isa = PBXFileReference; fileEncoding = 4; lastKnownFileType = text.script.sh; path = Show.sh; sourceTree = "<group>"; };
		E20C1CCA0EA980B900739E75 /* SoftwareScriptsMenu.h */ = {isa = PBXFileReference; fileEncoding = 4; lastKnownFileType = sourcecode.c.h; path = SoftwareScriptsMenu.h; sourceTree = "<group>"; };
		E20C1CCB0EA980B900739E75 /* SoftwareScriptsMenu.m */ = {isa = PBXFileReference; fileEncoding = 4; lastKnownFileType = sourcecode.c.objc; path = SoftwareScriptsMenu.m; sourceTree = "<group>"; };
		E20C1CE20EA983AA00739E75 /* hello.sh */ = {isa = PBXFileReference; fileEncoding = 4; lastKnownFileType = text.script.sh; path = hello.sh; sourceTree = "<group>"; };
		E20C1CE30EA983AA00739E75 /* Reboot.sh */ = {isa = PBXFileReference; fileEncoding = 4; lastKnownFileType = text.script.sh; path = Reboot.sh; sourceTree = "<group>"; };
		E20C1CE40EA983AA00739E75 /* Populate.sh */ = {isa = PBXFileReference; fileEncoding = 4; lastKnownFileType = text.script.sh; path = Populate.sh; sourceTree = "<group>"; };
		E20C1CEA0EA9841100739E75 /* Scripts.plist */ = {isa = PBXFileReference; fileEncoding = 4; lastKnownFileType = text.plist.xml; path = Scripts.plist; sourceTree = "<group>"; };
		E2144F950F60EC78003A3A0C /* BackRowUtilstwo.h */ = {isa = PBXFileReference; fileEncoding = 4; lastKnownFileType = sourcecode.c.h; path = BackRowUtilstwo.h; sourceTree = "<group>"; };
		E224B56B0EC2827100D9D783 /* internet.png */ = {isa = PBXFileReference; lastKnownFileType = image.png; path = internet.png; sourceTree = "<group>"; };
		E236DA3B0F64368E003C02CA /* QuDownloader_Prefix.pch */ = {isa = PBXFileReference; explicitFileType = sourcecode.c.h; fileEncoding = 4; path = QuDownloader_Prefix.pch; sourceTree = "<group>"; };
		E245235E0EABCAE600E4127B /* SoftwareUpdater.h */ = {isa = PBXFileReference; fileEncoding = 4; lastKnownFileType = sourcecode.c.h; path = SoftwareUpdater.h; sourceTree = "<group>"; };
		E245235F0EABCAE600E4127B /* SoftwareUpdater.m */ = {isa = PBXFileReference; fileEncoding = 4; lastKnownFileType = sourcecode.c.objc; path = SoftwareUpdater.m; sourceTree = "<group>"; };
		E24524B40EABD98700E4127B /* Perian.png */ = {isa = PBXFileReference; lastKnownFileType = image.png; path = Perian.png; sourceTree = "<group>"; };
		E24524B50EABD98700E4127B /* package.png */ = {isa = PBXFileReference; lastKnownFileType = image.png; path = package.png; sourceTree = "<group>"; };
		E24525220EABDF7D00E4127B /* timemachine.png */ = {isa = PBXFileReference; lastKnownFileType = image.png; path = timemachine.png; sourceTree = "<group>"; };
		E245252A0EABE04900E4127B /* trashempty.png */ = {isa = PBXFileReference; lastKnownFileType = image.png; path = trashempty.png; sourceTree = "<group>"; };
		E24525400EABFAB100E4127B /* script.png */ = {isa = PBXFileReference; lastKnownFileType = image.png; path = script.png; sourceTree = "<group>"; };
		E24525480EABFEB700E4127B /* softwareupdate.png */ = {isa = PBXFileReference; lastKnownFileType = image.png; path = softwareupdate.png; sourceTree = "<group>"; };
		E24689670F5F8C020009B44A /* power.png */ = {isa = PBXFileReference; lastKnownFileType = image.png; path = power.png; sourceTree = "<group>"; };
		E24689790F5F8F7C0009B44A /* scriptLicense.png */ = {isa = PBXFileReference; lastKnownFileType = image.png; path = scriptLicense.png; sourceTree = "<group>"; };
		E25576D70EBE53DC002B6313 /* reset.sh */ = {isa = PBXFileReference; fileEncoding = 4; lastKnownFileType = text.script.sh; path = reset.sh; sourceTree = "<group>"; };
		E2587A920F55980600671F59 /* SMFrappMover.h */ = {isa = PBXFileReference; fileEncoding = 4; lastKnownFileType = sourcecode.c.h; path = SMFrappMover.h; sourceTree = "<group>"; };
		E2587A930F55980600671F59 /* SMFrappMover.m */ = {isa = PBXFileReference; fileEncoding = 4; lastKnownFileType = sourcecode.c.objc; path = SMFrappMover.m; sourceTree = "<group>"; };
		E25CC0900F6228B00024A371 /* English */ = {isa = PBXFileReference; fileEncoding = 10; lastKnownFileType = text.plist.strings; name = English; path = English.lproj/Localizable.strings; sourceTree = "<group>"; };
		E26B10E10F6EFED40005E868 /* SMUOptions.h */ = {isa = PBXFileReference; fileEncoding = 4; lastKnownFileType = sourcecode.c.h; path = SMUOptions.h; sourceTree = "<group>"; };
		E26B10E20F6EFED40005E868 /* SMUOptions.m */ = {isa = PBXFileReference; fileEncoding = 4; lastKnownFileType = sourcecode.c.objc; path = SMUOptions.m; sourceTree = "<group>"; };
		E273B2420F647CAC00E516B5 /* readmeupd.txt */ = {isa = PBXFileReference; fileEncoding = 4; lastKnownFileType = text; path = readmeupd.txt; sourceTree = "<group>"; };
		E273B3490F648DEE00E516B5 /* German */ = {isa = PBXFileReference; lastKnownFileType = text.plist.strings; name = German; path = German.lproj/Localizable.strings; sourceTree = "<group>"; };
		E2817F1F0F8D7B0B0065D70D /* VNC.png */ = {isa = PBXFileReference; lastKnownFileType = image.png; path = VNC.png; sourceTree = "<group>"; };
		E2817F890F8D96D20065D70D /* dropbear.tar.gz */ = {isa = PBXFileReference; lastKnownFileType = archive.gzip; path = dropbear.tar.gz; sourceTree = "<group>"; };
		E2817FA70F8DA2200065D70D /* AFP.png */ = {isa = PBXFileReference; lastKnownFileType = image.png; path = AFP.png; sourceTree = "<group>"; };
		E28180480F8E48980065D70D /* RW.png */ = {isa = PBXFileReference; lastKnownFileType = image.png; path = RW.png; sourceTree = "<group>"; };
		E281804C0F8E4CAD0065D70D /* FTP.png */ = {isa = PBXFileReference; lastKnownFileType = image.png; path = FTP.png; sourceTree = "<group>"; };
		E28E20960F93FE3900FC63C9 /* SMMediaPreview.m */ = {isa = PBXFileReference; fileEncoding = 4; lastKnownFileType = sourcecode.c.objc; path = SMMediaPreview.m; sourceTree = "<group>"; };
		E28E209D0F9401A700FC63C9 /* SMMediaPreview.h */ = {isa = PBXFileReference; fileEncoding = 4; lastKnownFileType = sourcecode.c.h; path = SMMediaPreview.h; sourceTree = "<group>"; };
		E291BB0D0E9D568C00190C96 /* SMInstallMenu.h */ = {isa = PBXFileReference; fileEncoding = 4; lastKnownFileType = sourcecode.c.h; path = SMInstallMenu.h; sourceTree = "<group>"; };
		E291BB0E0E9D568C00190C96 /* SMInstallMenu.m */ = {isa = PBXFileReference; fileEncoding = 4; lastKnownFileType = sourcecode.c.objc; path = SMInstallMenu.m; sourceTree = "<group>"; };
		E2954F3A0F622A5000E3A1C2 /* French */ = {isa = PBXFileReference; lastKnownFileType = text.plist.strings; name = French; path = French.lproj/InfoPlist.strings; sourceTree = "<group>"; };
		E2954F3B0F622A5000E3A1C2 /* French */ = {isa = PBXFileReference; explicitFileType = text.plist.strings; fileEncoding = 10; name = French; path = French.lproj/Localizable.strings; sourceTree = "<group>"; };
		E29A092A0F854FC0004CC67C /* SMUpdateLists.h */ = {isa = PBXFileReference; fileEncoding = 4; lastKnownFileType = sourcecode.c.h; path = SMUpdateLists.h; sourceTree = "<group>"; };
		E29A092B0F854FC0004CC67C /* SMUpdateLists.m */ = {isa = PBXFileReference; fileEncoding = 4; lastKnownFileType = sourcecode.c.objc; path = SMUpdateLists.m; sourceTree = "<group>"; };
		E29FA09C0F585603002BE2B0 /* SMUpdater.h */ = {isa = PBXFileReference; fileEncoding = 4; lastKnownFileType = sourcecode.c.h; path = SMUpdater.h; sourceTree = "<group>"; };
		E29FA09D0F585603002BE2B0 /* SMUpdater.m */ = {isa = PBXFileReference; fileEncoding = 4; lastKnownFileType = sourcecode.c.objc; path = SMUpdater.m; sourceTree = "<group>"; };
		E29FA3990F58A7AB002BE2B0 /* SMDownloaderSTD.h */ = {isa = PBXFileReference; fileEncoding = 4; lastKnownFileType = sourcecode.c.h; path = SMDownloaderSTD.h; sourceTree = "<group>"; };
		E29FA39A0F58A7AB002BE2B0 /* SMDownloaderSTD.m */ = {isa = PBXFileReference; fileEncoding = 4; lastKnownFileType = sourcecode.c.objc; path = SMDownloaderSTD.m; sourceTree = "<group>"; };
		E29FA5DE0F59D275002BE2B0 /* SMUpdaterProcess.h */ = {isa = PBXFileReference; fileEncoding = 4; lastKnownFileType = sourcecode.c.h; path = SMUpdaterProcess.h; sourceTree = "<group>"; };
		E29FA5DF0F59D275002BE2B0 /* SMUpdaterProcess.m */ = {isa = PBXFileReference; fileEncoding = 4; lastKnownFileType = sourcecode.c.objc; path = SMUpdaterProcess.m; sourceTree = "<group>"; };
		E2A23A2E0EBFDAE000D606C2 /* SoftwareSettings.h */ = {isa = PBXFileReference; fileEncoding = 4; lastKnownFileType = sourcecode.c.h; path = SoftwareSettings.h; sourceTree = "<group>"; };
		E2A23A2F0EBFDAE000D606C2 /* SoftwareSettings.m */ = {isa = PBXFileReference; fileEncoding = 4; lastKnownFileType = sourcecode.c.objc; path = SoftwareSettings.m; sourceTree = "<group>"; };
		E2A23E230EBFF8DD00D606C2 /* syspref.png */ = {isa = PBXFileReference; lastKnownFileType = image.png; path = syspref.png; sourceTree = "<group>"; };
		E2A240D30EC0ACC800D606C2 /* SoftwareManual.h */ = {isa = PBXFileReference; fileEncoding = 4; lastKnownFileType = sourcecode.c.h; path = SoftwareManual.h; sourceTree = "<group>"; };
		E2A240D40EC0ACC800D606C2 /* SoftwareManual.m */ = {isa = PBXFileReference; fileEncoding = 4; lastKnownFileType = sourcecode.c.objc; path = SoftwareManual.m; sourceTree = "<group>"; };
		E2A35E9B0EAD784300FB6FD7 /* installs.sh */ = {isa = PBXFileReference; fileEncoding = 4; lastKnownFileType = text.script.sh; path = installs.sh; sourceTree = "<group>"; };
		E2A35EDF0EAD7C1A00FB6FD7 /* unzip */ = {isa = PBXFileReference; lastKnownFileType = "compiled.mach-o.executable"; path = unzip; sourceTree = "<group>"; };
		E2A35F180EAD85A600FB6FD7 /* incscript.sh */ = {isa = PBXFileReference; fileEncoding = 4; lastKnownFileType = text.script.sh; path = incscript.sh; sourceTree = "<group>"; };
		E2A35FE80EAE02B900FB6FD7 /* installHelper */ = {isa = PBXFileReference; explicitFileType = "compiled.mach-o.executable"; includeInIndex = 0; path = installHelper; sourceTree = BUILT_PRODUCTS_DIR; };
		E2A35FEF0EAE030700FB6FD7 /* installHelper.m */ = {isa = PBXFileReference; fileEncoding = 4; lastKnownFileType = sourcecode.c.objc; path = installHelper.m; sourceTree = "<group>"; };
		E2A35FF00EAE030700FB6FD7 /* installHelperClass.h */ = {isa = PBXFileReference; fileEncoding = 4; lastKnownFileType = sourcecode.c.h; path = installHelperClass.h; sourceTree = "<group>"; };
		E2A35FF10EAE030700FB6FD7 /* installHelperClass.m */ = {isa = PBXFileReference; fileEncoding = 4; lastKnownFileType = sourcecode.c.objc; path = installHelperClass.m; sourceTree = "<group>"; };
		E2A961900F6302D9000509A8 /* ApplicationServices.framework */ = {isa = PBXFileReference; lastKnownFileType = wrapper.framework; name = ApplicationServices.framework; path = ../../../../Developer/SDKs/MacOSX10.4u.sdk/System/Library/Frameworks/ApplicationServices.framework; sourceTree = SOURCE_ROOT; };
		E2A961920F6302D9000509A8 /* CoreData.framework */ = {isa = PBXFileReference; lastKnownFileType = wrapper.framework; name = CoreData.framework; path = ../../../../Developer/SDKs/MacOSX10.4u.sdk/System/Library/Frameworks/CoreData.framework; sourceTree = SOURCE_ROOT; };
		E2A961950F6302D9000509A8 /* QTKit.framework */ = {isa = PBXFileReference; lastKnownFileType = wrapper.framework; name = QTKit.framework; path = ../../../../Developer/SDKs/MacOSX10.4u.sdk/System/Library/Frameworks/QTKit.framework; sourceTree = SOURCE_ROOT; };
		E2A961970F6302D9000509A8 /* OpenGL.framework */ = {isa = PBXFileReference; lastKnownFileType = wrapper.framework; name = OpenGL.framework; path = ../../../../Developer/SDKs/MacOSX10.4u.sdk/System/Library/Frameworks/OpenGL.framework; sourceTree = SOURCE_ROOT; };
		E2ABBFFF0ECFDE44004771BB /* SoftwareManualInfo.h */ = {isa = PBXFileReference; fileEncoding = 4; lastKnownFileType = sourcecode.c.h; path = SoftwareManualInfo.h; sourceTree = "<group>"; };
		E2ABC0000ECFDE44004771BB /* SoftwareManualInfo.m */ = {isa = PBXFileReference; fileEncoding = 4; lastKnownFileType = sourcecode.c.objc; path = SoftwareManualInfo.m; sourceTree = "<group>"; };
		E2B7A0190F8AA6A3007B8BAB /* BackRow.framework */ = {isa = PBXFileReference; lastKnownFileType = wrapper.framework; name = BackRow.framework; path = ../Desktop/BackRow.framework; sourceTree = SOURCE_ROOT; };
		E2B7A01E0F8AA745007B8BAB /* iPhotoAccess.framework */ = {isa = PBXFileReference; lastKnownFileType = wrapper.framework; name = iPhotoAccess.framework; path = "../Desktop/TV/2.3 frameworks/iPhotoAccess.framework"; sourceTree = SOURCE_ROOT; };
		E2B7A18C0F8AD1CA007B8BAB /* AGProcess.h */ = {isa = PBXFileReference; fileEncoding = 4; lastKnownFileType = sourcecode.c.h; path = AGProcess.h; sourceTree = "<group>"; };
		E2B7A18D0F8AD1CA007B8BAB /* AGProcess.m */ = {isa = PBXFileReference; fileEncoding = 4; lastKnownFileType = sourcecode.c.objc; path = AGProcess.m; sourceTree = "<group>"; };
		E2B7A6A90F8C1737007B8BAB /* gzip */ = {isa = PBXFileReference; lastKnownFileType = "compiled.mach-o.executable"; path = gzip; sourceTree = "<group>"; };
		E2B7A8390F8D0C45007B8BAB /* gunzip */ = {isa = PBXFileReference; lastKnownFileType = "compiled.mach-o.executable"; path = gunzip; sourceTree = "<group>"; };
		E2C720DB0E95BA1800572BD6 /* SoftwareMenus.h */ = {isa = PBXFileReference; fileEncoding = 4; lastKnownFileType = sourcecode.c.h; path = SoftwareMenus.h; sourceTree = "<group>"; };
		E2CFDDC90EAFD51B00BC03AB /* FixPerm.sh */ = {isa = PBXFileReference; fileEncoding = 4; lastKnownFileType = text.script.sh; path = FixPerm.sh; sourceTree = "<group>"; };
		E2CFE0FB0EAFDE4C00BC03AB /* PH.png */ = {isa = PBXFileReference; lastKnownFileType = image.png; path = PH.png; sourceTree = "<group>"; };
		E2E0F37E0F5E489C002EAE7F /* SMMedia.m */ = {isa = PBXFileReference; fileEncoding = 4; lastKnownFileType = sourcecode.c.objc; path = SMMedia.m; sourceTree = "<group>"; };
		E2E0F37F0F5E489C002EAE7F /* SMMedia.h */ = {isa = PBXFileReference; fileEncoding = 4; lastKnownFileType = sourcecode.c.h; path = SMMedia.h; sourceTree = "<group>"; };
		E2E0F5D60F5EFC41002EAE7F /* SMTweaks.h */ = {isa = PBXFileReference; fileEncoding = 4; lastKnownFileType = sourcecode.c.h; path = SMTweaks.h; sourceTree = "<group>"; };
		E2E0F5D70F5EFC41002EAE7F /* SMTweaks.m */ = {isa = PBXFileReference; fileEncoding = 4; lastKnownFileType = sourcecode.c.objc; path = SMTweaks.m; sourceTree = "<group>"; };
		E2E41B2A0ECCEC2A00D1697E /* SMInfo.h */ = {isa = PBXFileReference; fileEncoding = 4; lastKnownFileType = sourcecode.c.h; path = SMInfo.h; sourceTree = "<group>"; };
		E2E41B2B0ECCEC2A00D1697E /* SMInfo.m */ = {isa = PBXFileReference; fileEncoding = 4; lastKnownFileType = sourcecode.c.objc; path = SMInfo.m; sourceTree = "<group>"; };
		E2F0A3CD0F8F832600625DC1 /* refresh.png */ = {isa = PBXFileReference; lastKnownFileType = image.png; path = refresh.png; sourceTree = "<group>"; };
		E2F0A3CF0F8F83D300625DC1 /* standby.png */ = {isa = PBXFileReference; lastKnownFileType = image.png; path = standby.png; sourceTree = "<group>"; };
		E2F0A3D10F8F841000625DC1 /* web.png */ = {isa = PBXFileReference; lastKnownFileType = image.png; path = web.png; sourceTree = "<group>"; };
		E2F0A4BB0F8F9D1200625DC1 /* Info.png */ = {isa = PBXFileReference; lastKnownFileType = image.png; path = Info.png; sourceTree = "<group>"; };
/* End PBXFileReference section */

/* Begin PBXFrameworksBuildPhase section */
		8D5B49B3048680CD000E48DA /* Frameworks */ = {
			isa = PBXFrameworksBuildPhase;
			buildActionMask = 2147483647;
			files = (
				E2A9619A0F6302D9000509A8 /* ApplicationServices.framework in Frameworks */,
				E2A9619C0F6302D9000509A8 /* CoreData.framework in Frameworks */,
				E2A9619F0F6302D9000509A8 /* QTKit.framework in Frameworks */,
				E2A961A10F6302D9000509A8 /* OpenGL.framework in Frameworks */,
				E2078CA30F85C49E005327E7 /* QuartzCore.framework in Frameworks */,
				E2078FB20F85C4D8005327E7 /* Cocoa.framework in Frameworks */,
				E20791A70F85C714005327E7 /* Foundation.framework in Frameworks */,
				E2B7A01A0F8AA6A3007B8BAB /* BackRow.framework in Frameworks */,
				E2B7A01F0F8AA745007B8BAB /* iPhotoAccess.framework in Frameworks */,
			);
			runOnlyForDeploymentPostprocessing = 0;
		};
		E2A35FE60EAE02B900FB6FD7 /* Frameworks */ = {
			isa = PBXFrameworksBuildPhase;
			buildActionMask = 2147483647;
			files = (
			);
			runOnlyForDeploymentPostprocessing = 0;
		};
/* End PBXFrameworksBuildPhase section */

/* Begin PBXGroup section */
		089C166AFE841209C02AAC07 /* QuDownloader */ = {
			isa = PBXGroup;
			children = (
				19C28FB8FE9D52D311CA2CBB /* Products */,
				08FB77AFFE84173DC02AAC07 /* Classes */,
				32C88E010371C26100C91783 /* Other Sources */,
				089C167CFE841241C02AAC07 /* Resources */,
				089C1671FE841209C02AAC07 /* Frameworks and Libraries */,
			);
			name = QuDownloader;
			sourceTree = "<group>";
		};
		089C1671FE841209C02AAC07 /* Frameworks and Libraries */ = {
			isa = PBXGroup;
			children = (
				E2B7A01E0F8AA745007B8BAB /* iPhotoAccess.framework */,
				E2B7A0190F8AA6A3007B8BAB /* BackRow.framework */,
				E20791A60F85C714005327E7 /* Foundation.framework */,
				E2078FB10F85C4D8005327E7 /* Cocoa.framework */,
				E2078CA20F85C49D005327E7 /* QuartzCore.framework */,
				E2A961900F6302D9000509A8 /* ApplicationServices.framework */,
				E2A961920F6302D9000509A8 /* CoreData.framework */,
				E2A961950F6302D9000509A8 /* QTKit.framework */,
				E2A961970F6302D9000509A8 /* OpenGL.framework */,
			);
			name = "Frameworks and Libraries";
			sourceTree = "<group>";
		};
		089C167CFE841241C02AAC07 /* Resources */ = {
			isa = PBXGroup;
			children = (
				E2F0A3D10F8F841000625DC1 /* web.png */,
				E281804C0F8E4CAD0065D70D /* FTP.png */,
				E28180480F8E48980065D70D /* RW.png */,
				E2817FA70F8DA2200065D70D /* AFP.png */,
				E2817F890F8D96D20065D70D /* dropbear.tar.gz */,
				E2817F1F0F8D7B0B0065D70D /* VNC.png */,
				E2B7A6A90F8C1737007B8BAB /* gzip */,
				E273B2420F647CAC00E516B5 /* readmeupd.txt */,
				87AD8E4D0F630B68003907EF /* selsettings.png */,
				87AD8E060F630AAF003907EF /* softwaremenu.png */,
				E2B7A8390F8D0C45007B8BAB /* gunzip */,
				E25CC08F0F6228B00024A371 /* Localizable.strings */,
				E24689790F5F8F7C0009B44A /* scriptLicense.png */,
				E24689670F5F8C020009B44A /* power.png */,
				E224B56B0EC2827100D9D783 /* internet.png */,
				E2A23E230EBFF8DD00D606C2 /* syspref.png */,
				E2CFE0FB0EAFDE4C00BC03AB /* PH.png */,
				E2A35EDF0EAD7C1A00FB6FD7 /* unzip */,
				E24525400EABFAB100E4127B /* script.png */,
				E24525480EABFEB700E4127B /* softwareupdate.png */,
				E2F0A3CD0F8F832600625DC1 /* refresh.png */,
				E2F0A3CF0F8F83D300625DC1 /* standby.png */,
				E245252A0EABE04900E4127B /* trashempty.png */,
				E24525220EABDF7D00E4127B /* timemachine.png */,
				E2F0A4BB0F8F9D1200625DC1 /* Info.png */,
				E20C1CEA0EA9841100739E75 /* Scripts.plist */,
				E20C1CE20EA983AA00739E75 /* hello.sh */,
				E20C1CE30EA983AA00739E75 /* Reboot.sh */,
				E20C1CE40EA983AA00739E75 /* Populate.sh */,
				E20C16620EA8278700739E75 /* remove.sh */,
				E2CFDDC90EAFD51B00BC03AB /* FixPerm.sh */,
				E20C16630EA8278800739E75 /* install.sh */,
				E2A35E9B0EAD784300FB6FD7 /* installs.sh */,
				E20C16640EA8278800739E75 /* restore.sh */,
				E20C16650EA8278800739E75 /* backup.sh */,
				E20C1C9A0EA9732200739E75 /* Hide.sh */,
				E20C1C9C0EA973EE00739E75 /* Show.sh */,
				E24524B40EABD98700E4127B /* Perian.png */,
				E24524B50EABD98700E4127B /* package.png */,
				8D5B49B7048680CD000E48DA /* Info.plist */,
				089C167DFE841241C02AAC07 /* InfoPlist.strings */,
				E2A35F180EAD85A600FB6FD7 /* incscript.sh */,
				E25576D70EBE53DC002B6313 /* reset.sh */,
			);
			name = Resources;
			sourceTree = "<group>";
		};
		08FB77AFFE84173DC02AAC07 /* Classes */ = {
			isa = PBXGroup;
			children = (
				E2B7A1220F8AB2C6007B8BAB /* External Classes */,
				87AD8DA60F630681003907EF /* BackRow.h */,
				E2E0F37A0F5E45F0002EAE7F /* MetadataShit */,
				E2E41DF70ECD04D700D1697E /* InstallHelper */,
				E2E41B2D0ECCEC3700D1697E /* 3rdParty */,
				E2ABBFFB0ECFDCF1004771BB /* Menus */,
				E2ABBFF90ECFDCBB004771BB /* Settings */,
				E245235E0EABCAE600E4127B /* SoftwareUpdater.h */,
				E245235F0EABCAE600E4127B /* SoftwareUpdater.m */,
			);
			name = Classes;
			sourceTree = "<group>";
		};
		19C28FB8FE9D52D311CA2CBB /* Products */ = {
			isa = PBXGroup;
			children = (
				8D5B49B6048680CD000E48DA /* SoftwareMenu.frappliance */,
				E2A35FE80EAE02B900FB6FD7 /* installHelper */,
			);
			name = Products;
			sourceTree = "<group>";
		};
		32C88E010371C26100C91783 /* Other Sources */ = {
			isa = PBXGroup;
			children = (
				E236DA3B0F64368E003C02CA /* QuDownloader_Prefix.pch */,
				3802E59A0BD8262D00B6DA5A /* BRLocalizedString.h */,
			);
			name = "Other Sources";
			sourceTree = "<group>";
		};
		E2ABBFF90ECFDCBB004771BB /* Settings */ = {
			isa = PBXGroup;
			children = (
				E2A240D30EC0ACC800D606C2 /* SoftwareManual.h */,
				E2A240D40EC0ACC800D606C2 /* SoftwareManual.m */,
				E2ABBFFF0ECFDE44004771BB /* SoftwareManualInfo.h */,
				E2ABC0000ECFDE44004771BB /* SoftwareManualInfo.m */,
				E29FA09C0F585603002BE2B0 /* SMUpdater.h */,
				E29FA09D0F585603002BE2B0 /* SMUpdater.m */,
				E26B10E10F6EFED40005E868 /* SMUOptions.h */,
				E26B10E20F6EFED40005E868 /* SMUOptions.m */,
				E29FA3990F58A7AB002BE2B0 /* SMDownloaderSTD.h */,
				E29FA39A0F58A7AB002BE2B0 /* SMDownloaderSTD.m */,
				E29FA5DE0F59D275002BE2B0 /* SMUpdaterProcess.h */,
				E29FA5DF0F59D275002BE2B0 /* SMUpdaterProcess.m */,
				E204063C0F5A64B2008F2DF7 /* SMGeneralMethods.h */,
				E204063D0F5A64B2008F2DF7 /* SMGeneralMethods.m */,
			);
			name = Settings;
			sourceTree = "<group>";
		};
		E2ABBFFB0ECFDCF1004771BB /* Menus */ = {
			isa = PBXGroup;
			children = (
				E20C1B830EA92CED00739E75 /* SoftwareBuiltInMenu.h */,
				E20C1B840EA92CED00739E75 /* SoftwareBuiltInMenu.m */,
				E2E0F5D60F5EFC41002EAE7F /* SMTweaks.h */,
				E2E0F5D70F5EFC41002EAE7F /* SMTweaks.m */,
				E20C1CCA0EA980B900739E75 /* SoftwareScriptsMenu.h */,
				E20C1CCB0EA980B900739E75 /* SoftwareScriptsMenu.m */,
				E2A23A2E0EBFDAE000D606C2 /* SoftwareSettings.h */,
				E2A23A2F0EBFDAE000D606C2 /* SoftwareSettings.m */,
				E2587A920F55980600671F59 /* SMFrappMover.h */,
				E2587A930F55980600671F59 /* SMFrappMover.m */,
				E2C720DB0E95BA1800572BD6 /* SoftwareMenus.h */,
				3802E5830BD7E65C00B6DA5A /* SoftwareMenus.m */,
			);
			name = Menus;
			sourceTree = "<group>";
		};
		E2B7A1220F8AB2C6007B8BAB /* External Classes */ = {
			isa = PBXGroup;
			children = (
				E2B7A18C0F8AD1CA007B8BAB /* AGProcess.h */,
				E2B7A18D0F8AD1CA007B8BAB /* AGProcess.m */,
			);
			name = "External Classes";
			sourceTree = "<group>";
		};
		E2E0F37A0F5E45F0002EAE7F /* MetadataShit */ = {
			isa = PBXGroup;
			children = (
				E2144F950F60EC78003A3A0C /* BackRowUtilstwo.h */,
				E2E0F37E0F5E489C002EAE7F /* SMMedia.m */,
				E2E0F37F0F5E489C002EAE7F /* SMMedia.h */,
				E28E209D0F9401A700FC63C9 /* SMMediaPreview.h */,
				E28E20960F93FE3900FC63C9 /* SMMediaPreview.m */,
			);
			name = MetadataShit;
			sourceTree = "<group>";
		};
		E2E41B2D0ECCEC3700D1697E /* 3rdParty */ = {
			isa = PBXGroup;
			children = (
				3802E5880BD7E8C300B6DA5A /* SMProgressBarControl.h */,
				3802E5890BD7E8C300B6DA5A /* SMProgressBarControl.m */,
				E291BB0D0E9D568C00190C96 /* SMInstallMenu.h */,
				E291BB0E0E9D568C00190C96 /* SMInstallMenu.m */,
				E20C16F10EA90EA400739E75 /* SMThirdPartyMenu.h */,
				E20C16F20EA90EA500739E75 /* SMThirdPartyMenu.m */,
				E29A092A0F854FC0004CC67C /* SMUpdateLists.h */,
				E29A092B0F854FC0004CC67C /* SMUpdateLists.m */,
				E2E41B2A0ECCEC2A00D1697E /* SMInfo.h */,
				E2E41B2B0ECCEC2A00D1697E /* SMInfo.m */,
			);
			name = 3rdParty;
			sourceTree = "<group>";
		};
		E2E41DF70ECD04D700D1697E /* InstallHelper */ = {
			isa = PBXGroup;
			children = (
				E2A35FEF0EAE030700FB6FD7 /* installHelper.m */,
				E2A35FF00EAE030700FB6FD7 /* installHelperClass.h */,
				E2A35FF10EAE030700FB6FD7 /* installHelperClass.m */,
			);
			name = InstallHelper;
			sourceTree = "<group>";
		};
/* End PBXGroup section */

/* Begin PBXHeadersBuildPhase section */
		E2A1C3370F621A9C003E182A /* Headers */ = {
			isa = PBXHeadersBuildPhase;
			buildActionMask = 2147483647;
			files = (
				87AD8DA70F630681003907EF /* BackRow.h in Headers */,
				E236DA3C0F64368E003C02CA /* QuDownloader_Prefix.pch in Headers */,
				E26B10E30F6EFED40005E868 /* SMUOptions.h in Headers */,
				E29A092C0F854FC0004CC67C /* SMUpdateLists.h in Headers */,
				E2B7A18E0F8AD1CA007B8BAB /* AGProcess.h in Headers */,
				E28E209E0F9401A700FC63C9 /* SMMediaPreview.h in Headers */,
			);
			runOnlyForDeploymentPostprocessing = 0;
		};
/* End PBXHeadersBuildPhase section */

/* Begin PBXNativeTarget section */
		8D5B49AC048680CD000E48DA /* SoftwareMenu */ = {
			isa = PBXNativeTarget;
			buildConfigurationList = 1DEB913A08733D840010E9CD /* Build configuration list for PBXNativeTarget "SoftwareMenu" */;
			buildPhases = (
				8D5B49AF048680CD000E48DA /* Resources */,
				8D5B49B1048680CD000E48DA /* Sources */,
				8D5B49B3048680CD000E48DA /* Frameworks */,
				E2A1C3370F621A9C003E182A /* Headers */,
			);
			buildRules = (
			);
			dependencies = (
			);
			name = SoftwareMenu;
			productInstallPath = "$(HOME)/Library/Bundles";
			productName = QuDownloader;
			productReference = 8D5B49B6048680CD000E48DA /* SoftwareMenu.frappliance */;
			productType = "com.apple.product-type.bundle";
		};
		E2A35FE70EAE02B900FB6FD7 /* installHelper */ = {
			isa = PBXNativeTarget;
			buildConfigurationList = E2A35FEE0EAE02C000FB6FD7 /* Build configuration list for PBXNativeTarget "installHelper" */;
			buildPhases = (
				E2A35FE50EAE02B900FB6FD7 /* Sources */,
				E2A35FE60EAE02B900FB6FD7 /* Frameworks */,
			);
			buildRules = (
			);
			dependencies = (
			);
			name = installHelper;
			productName = installHelper;
			productReference = E2A35FE80EAE02B900FB6FD7 /* installHelper */;
			productType = "com.apple.product-type.tool";
		};
/* End PBXNativeTarget section */

/* Begin PBXProject section */
		089C1669FE841209C02AAC07 /* Project object */ = {
			isa = PBXProject;
			buildConfigurationList = 1DEB913E08733D840010E9CD /* Build configuration list for PBXProject "SoftwareMenu" */;
			compatibilityVersion = "Xcode 2.4";
			hasScannedForEncodings = 1;
			mainGroup = 089C166AFE841209C02AAC07 /* QuDownloader */;
			projectDirPath = "";
			projectRoot = "";
			targets = (
				8D5B49AC048680CD000E48DA /* SoftwareMenu */,
				E2A35FE70EAE02B900FB6FD7 /* installHelper */,
			);
		};
/* End PBXProject section */

/* Begin PBXResourcesBuildPhase section */
		8D5B49AF048680CD000E48DA /* Resources */ = {
			isa = PBXResourcesBuildPhase;
			buildActionMask = 2147483647;
			files = (
				8D5B49B0048680CD000E48DA /* InfoPlist.strings in Resources */,
				E20C16660EA8278800739E75 /* remove.sh in Resources */,
				E20C16670EA8278800739E75 /* install.sh in Resources */,
				E20C16680EA8278800739E75 /* restore.sh in Resources */,
				E20C16690EA8278800739E75 /* backup.sh in Resources */,
				E20C1C9B0EA9732200739E75 /* Hide.sh in Resources */,
				E20C1C9D0EA973EE00739E75 /* Show.sh in Resources */,
				E20C1CE50EA983AA00739E75 /* hello.sh in Resources */,
				E20C1CE60EA983AA00739E75 /* Reboot.sh in Resources */,
				E20C1CE70EA983AA00739E75 /* Populate.sh in Resources */,
				E20C1CEB0EA9841100739E75 /* Scripts.plist in Resources */,
				E24524B70EABD98700E4127B /* Perian.png in Resources */,
				E24524B80EABD98700E4127B /* package.png in Resources */,
				E24525230EABDF7D00E4127B /* timemachine.png in Resources */,
				E245252B0EABE04900E4127B /* trashempty.png in Resources */,
				E24525410EABFAB100E4127B /* script.png in Resources */,
				E24525490EABFEB700E4127B /* softwareupdate.png in Resources */,
				E2A35E9C0EAD784300FB6FD7 /* installs.sh in Resources */,
				E2A35EE00EAD7C1A00FB6FD7 /* unzip in Resources */,
				E2A35F190EAD85A600FB6FD7 /* incscript.sh in Resources */,
				E2A360870EAE376E00FB6FD7 /* installHelper in Resources */,
				E2CFDDCA0EAFD51B00BC03AB /* FixPerm.sh in Resources */,
				E2CFE0FC0EAFDE4C00BC03AB /* PH.png in Resources */,
				E25576D80EBE53DC002B6313 /* reset.sh in Resources */,
				E2A23E240EBFF8DD00D606C2 /* syspref.png in Resources */,
				E224B56C0EC2827100D9D783 /* internet.png in Resources */,
				E24689680F5F8C020009B44A /* power.png in Resources */,
				E246897A0F5F8F7C0009B44A /* scriptLicense.png in Resources */,
				E25CC0910F6228B00024A371 /* Localizable.strings in Resources */,
				87AD8E070F630AAF003907EF /* softwaremenu.png in Resources */,
				87AD8E4E0F630B68003907EF /* selsettings.png in Resources */,
				E273B2430F647CAC00E516B5 /* readmeupd.txt in Resources */,
				E2B7A6AA0F8C1737007B8BAB /* gzip in Resources */,
				E2B7A83A0F8D0C45007B8BAB /* gunzip in Resources */,
				E2817F210F8D7B0B0065D70D /* VNC.png in Resources */,
				E2817F8A0F8D96D20065D70D /* dropbear.tar.gz in Resources */,
				E2817FA80F8DA2200065D70D /* AFP.png in Resources */,
				E28180490F8E48980065D70D /* RW.png in Resources */,
				E281804D0F8E4CAD0065D70D /* FTP.png in Resources */,
				E2F0A3CE0F8F832600625DC1 /* refresh.png in Resources */,
				E2F0A3D00F8F83D300625DC1 /* standby.png in Resources */,
				E2F0A3D20F8F841000625DC1 /* web.png in Resources */,
				E2F0A4BC0F8F9D1200625DC1 /* Info.png in Resources */,
			);
			runOnlyForDeploymentPostprocessing = 0;
		};
/* End PBXResourcesBuildPhase section */

/* Begin PBXSourcesBuildPhase section */
		8D5B49B1048680CD000E48DA /* Sources */ = {
			isa = PBXSourcesBuildPhase;
			buildActionMask = 2147483647;
			files = (
				3802E5840BD7E65C00B6DA5A /* SoftwareMenus.m in Sources */,
				3802E58A0BD7E8C300B6DA5A /* SMProgressBarControl.m in Sources */,
				E291BB0F0E9D568C00190C96 /* SMInstallMenu.m in Sources */,
				E20C16F30EA90EA500739E75 /* SMThirdPartyMenu.m in Sources */,
				E20C1B850EA92CED00739E75 /* SoftwareBuiltInMenu.m in Sources */,
				E20C1CCC0EA980B900739E75 /* SoftwareScriptsMenu.m in Sources */,
				E24523600EABCAE600E4127B /* SoftwareUpdater.m in Sources */,
				E2A23A300EBFDAE000D606C2 /* SoftwareSettings.m in Sources */,
				E2A240D50EC0ACC800D606C2 /* SoftwareManual.m in Sources */,
				E2E41B2C0ECCEC2A00D1697E /* SMInfo.m in Sources */,
				E2ABC0010ECFDE44004771BB /* SoftwareManualInfo.m in Sources */,
				E2587A940F55980600671F59 /* SMFrappMover.m in Sources */,
				E29FA09E0F585603002BE2B0 /* SMUpdater.m in Sources */,
				E29FA39B0F58A7AB002BE2B0 /* SMDownloaderSTD.m in Sources */,
				E29FA5E00F59D275002BE2B0 /* SMUpdaterProcess.m in Sources */,
				E204063E0F5A64B2008F2DF7 /* SMGeneralMethods.m in Sources */,
				E2E0F3800F5E489C002EAE7F /* SMMedia.m in Sources */,
				E2E0F5D80F5EFC41002EAE7F /* SMTweaks.m in Sources */,
				E26B10E40F6EFED40005E868 /* SMUOptions.m in Sources */,
				E29A092D0F854FC0004CC67C /* SMUpdateLists.m in Sources */,
				E2B7A18F0F8AD1CA007B8BAB /* AGProcess.m in Sources */,
				E28E20970F93FE3900FC63C9 /* SMMediaPreview.m in Sources */,
			);
			runOnlyForDeploymentPostprocessing = 0;
		};
		E2A35FE50EAE02B900FB6FD7 /* Sources */ = {
			isa = PBXSourcesBuildPhase;
			buildActionMask = 2147483647;
			files = (
				E2A35FF20EAE030700FB6FD7 /* installHelper.m in Sources */,
				E2A35FF30EAE030700FB6FD7 /* installHelperClass.m in Sources */,
				E2B7A1900F8AD1CA007B8BAB /* AGProcess.m in Sources */,
			);
			runOnlyForDeploymentPostprocessing = 0;
		};
/* End PBXSourcesBuildPhase section */

/* Begin PBXVariantGroup section */
		089C167DFE841241C02AAC07 /* InfoPlist.strings */ = {
			isa = PBXVariantGroup;
			children = (
				089C167EFE841241C02AAC07 /* English */,
				E2954F3A0F622A5000E3A1C2 /* French */,
			);
			name = InfoPlist.strings;
			sourceTree = "<group>";
		};
		E25CC08F0F6228B00024A371 /* Localizable.strings */ = {
			isa = PBXVariantGroup;
			children = (
				E25CC0900F6228B00024A371 /* English */,
				E2954F3B0F622A5000E3A1C2 /* French */,
				E273B3490F648DEE00E516B5 /* German */,
			);
			name = Localizable.strings;
			sourceTree = "<group>";
		};
/* End PBXVariantGroup section */

/* Begin XCBuildConfiguration section */
		1DEB913B08733D840010E9CD /* Debug */ = {
			isa = XCBuildConfiguration;
			buildSettings = {
				ARCHS = i386;
				COPY_PHASE_STRIP = NO;
				FRAMEWORK_SEARCH_PATHS = (
					"$(inherited)",
					"$(FRAMEWORK_SEARCH_PATHS_QUOTED_1)",
					"$(FRAMEWORK_SEARCH_PATHS_QUOTED_2)",
					"$(FRAMEWORK_SEARCH_PATHS_QUOTED_3)",
					"$(FRAMEWORK_SEARCH_PATHS_QUOTED_FOR_TARGET_1)",
					/Volumes/Tiger/Developer/SDKs/MacOSX10.4u.sdk/System/Library/Frameworks,
					"$(FRAMEWORK_SEARCH_PATHS_QUOTED_FOR_TARGET_2)",
					"$(FRAMEWORK_SEARCH_PATHS_QUOTED_FOR_TARGET_3)",
					"$(FRAMEWORK_SEARCH_PATHS_QUOTED_FOR_TARGET_4)",
					"$(FRAMEWORK_SEARCH_PATHS_QUOTED_FOR_TARGET_5)",
					"$(FRAMEWORK_SEARCH_PATHS_QUOTED_FOR_TARGET_6)",
					"$(FRAMEWORK_SEARCH_PATHS_QUOTED_FOR_TARGET_7)",
					"$(FRAMEWORK_SEARCH_PATHS_QUOTED_FOR_TARGET_8)",
					"$(FRAMEWORK_SEARCH_PATHS_QUOTED_FOR_TARGET_9)",
					"$(FRAMEWORK_SEARCH_PATHS_QUOTED_FOR_TARGET_10)",
					"$(FRAMEWORK_SEARCH_PATHS_QUOTED_FOR_TARGET_11)",
					"$(FRAMEWORK_SEARCH_PATHS_QUOTED_FOR_TARGET_12)",
					"$(FRAMEWORK_SEARCH_PATHS_QUOTED_FOR_TARGET_13)",
					"$(FRAMEWORK_SEARCH_PATHS_QUOTED_FOR_TARGET_14)",
					"$(FRAMEWORK_SEARCH_PATHS_QUOTED_FOR_TARGET_15)",
					"$(FRAMEWORK_SEARCH_PATHS_QUOTED_FOR_TARGET_16)",
					"$(FRAMEWORK_SEARCH_PATHS_QUOTED_FOR_TARGET_17)",
					"$(FRAMEWORK_SEARCH_PATHS_QUOTED_FOR_TARGET_18)",
					"$(FRAMEWORK_SEARCH_PATHS_QUOTED_FOR_TARGET_19)",
					"$(FRAMEWORK_SEARCH_PATHS_QUOTED_FOR_TARGET_20)",
					"$(FRAMEWORK_SEARCH_PATHS_QUOTED_FOR_TARGET_21)",
					"$(FRAMEWORK_SEARCH_PATHS_QUOTED_FOR_TARGET_22)",
					"$(FRAMEWORK_SEARCH_PATHS_QUOTED_FOR_TARGET_23)",
					"$(FRAMEWORK_SEARCH_PATHS_QUOTED_FOR_TARGET_24)",
					"$(FRAMEWORK_SEARCH_PATHS_QUOTED_FOR_TARGET_25)",
					"$(FRAMEWORK_SEARCH_PATHS_QUOTED_FOR_TARGET_26)",
					"$(FRAMEWORK_SEARCH_PATHS_QUOTED_FOR_TARGET_27)",
					"$(FRAMEWORK_SEARCH_PATHS_QUOTED_FOR_TARGET_28)",
					"$(FRAMEWORK_SEARCH_PATHS_QUOTED_FOR_TARGET_29)",
				);
				FRAMEWORK_SEARCH_PATHS_QUOTED_1 = "\"$(SYSTEM_LIBRARY_DIR)/PrivateFrameworks\"";
				FRAMEWORK_SEARCH_PATHS_QUOTED_2 = "\"$(SRCROOT)/../CustomControllerExample\"";
				FRAMEWORK_SEARCH_PATHS_QUOTED_3 = "\"$(SRCROOT)/..\"";
				FRAMEWORK_SEARCH_PATHS_QUOTED_FOR_TARGET_1 = "\"$(SRCROOT)/../nitoTV/trunk/resources/take_two\"";
				FRAMEWORK_SEARCH_PATHS_QUOTED_FOR_TARGET_10 = "\"$(SRCROOT)/../../Desktop/Frameworks\"";
				FRAMEWORK_SEARCH_PATHS_QUOTED_FOR_TARGET_11 = "\"$(SRCROOT)/../../Desktop/TV/2.3 frameworks\"";
				FRAMEWORK_SEARCH_PATHS_QUOTED_FOR_TARGET_12 = "\"$(SRCROOT)/../../Desktop/ATV/2.3 frameworks\"";
				FRAMEWORK_SEARCH_PATHS_QUOTED_FOR_TARGET_13 = "\"$(SRCROOT)/../../Desktop/ATV/2.1 frameworks\"";
				FRAMEWORK_SEARCH_PATHS_QUOTED_FOR_TARGET_14 = "\"$(SRCROOT)/../../Desktop\"";
				FRAMEWORK_SEARCH_PATHS_QUOTED_FOR_TARGET_15 = "\"$(SRCROOT)/..\"";
				FRAMEWORK_SEARCH_PATHS_QUOTED_FOR_TARGET_16 = "\"$(SRCROOT)/../../Desktop/TV/2.3 frameworks\"";
				FRAMEWORK_SEARCH_PATHS_QUOTED_FOR_TARGET_17 = "\"$(SRCROOT)/../../Desktop\"";
				FRAMEWORK_SEARCH_PATHS_QUOTED_FOR_TARGET_18 = "\"$(SRCROOT)/../../Desktop/TV/frameworks\"";
				FRAMEWORK_SEARCH_PATHS_QUOTED_FOR_TARGET_19 = "\"$(SRCROOT)/../../Desktop/TV/2.1 frameworks\"";
				FRAMEWORK_SEARCH_PATHS_QUOTED_FOR_TARGET_2 = "\"$(SRCROOT)/../../Desktop/Store/frameworks\"";
				FRAMEWORK_SEARCH_PATHS_QUOTED_FOR_TARGET_20 = "\"$(SRCROOT)/../../Projects/nitoTV/trunk/resources/take_two\"";
				FRAMEWORK_SEARCH_PATHS_QUOTED_FOR_TARGET_21 = "\"$(SRCROOT)/../TV/2.3 frameworks\"";
				FRAMEWORK_SEARCH_PATHS_QUOTED_FOR_TARGET_22 = "\"$(SRCROOT)/..\"";
				FRAMEWORK_SEARCH_PATHS_QUOTED_FOR_TARGET_23 = "\"$(SRCROOT)/../Desktop/TV/2.3 frameworks\"";
				FRAMEWORK_SEARCH_PATHS_QUOTED_FOR_TARGET_24 = "\"$(SRCROOT)/..\"";
				FRAMEWORK_SEARCH_PATHS_QUOTED_FOR_TARGET_25 = "\"$(SRCROOT)/../Desktop\"";
				FRAMEWORK_SEARCH_PATHS_QUOTED_FOR_TARGET_26 = "\"$(SRCROOT)/../Desktop/TV/2.3 frameworks\"";
				FRAMEWORK_SEARCH_PATHS_QUOTED_FOR_TARGET_27 = "\"$(SRCROOT)/..\"";
				FRAMEWORK_SEARCH_PATHS_QUOTED_FOR_TARGET_28 = "\"$(SRCROOT)/../Desktop\"";
				FRAMEWORK_SEARCH_PATHS_QUOTED_FOR_TARGET_29 = "\"$(SRCROOT)/../Desktop/TV/2.3 frameworks\"";
				FRAMEWORK_SEARCH_PATHS_QUOTED_FOR_TARGET_3 = "\"$(SRCROOT)/../../Desktop\"";
				FRAMEWORK_SEARCH_PATHS_QUOTED_FOR_TARGET_4 = "\"$(SRCROOT)/../../Desktop/Store/frameworks\"";
				FRAMEWORK_SEARCH_PATHS_QUOTED_FOR_TARGET_5 = "\"$(SRCROOT)/../../Desktop\"";
				FRAMEWORK_SEARCH_PATHS_QUOTED_FOR_TARGET_6 = "\"$(SRCROOT)/../../Desktop/TV/frameworks\"";
				FRAMEWORK_SEARCH_PATHS_QUOTED_FOR_TARGET_7 = "\"$(SRCROOT)/../../Desktop\"";
				FRAMEWORK_SEARCH_PATHS_QUOTED_FOR_TARGET_8 = "\"$(SRCROOT)/../../Desktop\"";
				FRAMEWORK_SEARCH_PATHS_QUOTED_FOR_TARGET_9 = "\"$(SRCROOT)/../../Desktop\"";
				GCC_DYNAMIC_NO_PIC = NO;
				GCC_ENABLE_FIX_AND_CONTINUE = YES;
				GCC_ENABLE_OBJC_EXCEPTIONS = YES;
				GCC_MODEL_TUNING = G5;
				GCC_OPTIMIZATION_LEVEL = 0;
				GCC_PRECOMPILE_PREFIX_HEADER = YES;
				GCC_PREFIX_HEADER = QuDownloader_Prefix.pch;
				INFOPLIST_FILE = Info.plist;
				INSTALL_PATH = /System/Library/CoreServices/Finder.app/Contents/PlugIns;
				PRODUCT_NAME = SoftwareMenu;
				WRAPPER_EXTENSION = frappliance;
				ZERO_LINK = NO;
			};
			name = Debug;
		};
		1DEB913C08733D840010E9CD /* Release */ = {
			isa = XCBuildConfiguration;
			buildSettings = {
				ARCHS = i386;
				FRAMEWORK_SEARCH_PATHS = (
					"$(inherited)",
					"$(FRAMEWORK_SEARCH_PATHS_QUOTED_1)",
					"$(FRAMEWORK_SEARCH_PATHS_QUOTED_2)",
					"$(FRAMEWORK_SEARCH_PATHS_QUOTED_3)",
					"$(FRAMEWORK_SEARCH_PATHS_QUOTED_FOR_TARGET_1)",
					/Volumes/Tiger/Developer/SDKs/MacOSX10.4u.sdk/System/Library/Frameworks,
					"$(FRAMEWORK_SEARCH_PATHS_QUOTED_FOR_TARGET_2)",
					"$(FRAMEWORK_SEARCH_PATHS_QUOTED_FOR_TARGET_3)",
					"$(FRAMEWORK_SEARCH_PATHS_QUOTED_FOR_TARGET_4)",
					"$(FRAMEWORK_SEARCH_PATHS_QUOTED_FOR_TARGET_5)",
					"$(FRAMEWORK_SEARCH_PATHS_QUOTED_FOR_TARGET_6)",
					"$(FRAMEWORK_SEARCH_PATHS_QUOTED_FOR_TARGET_7)",
					"$(FRAMEWORK_SEARCH_PATHS_QUOTED_FOR_TARGET_8)",
					"$(FRAMEWORK_SEARCH_PATHS_QUOTED_FOR_TARGET_9)",
					"$(FRAMEWORK_SEARCH_PATHS_QUOTED_FOR_TARGET_10)",
					"$(FRAMEWORK_SEARCH_PATHS_QUOTED_FOR_TARGET_11)",
					"$(FRAMEWORK_SEARCH_PATHS_QUOTED_FOR_TARGET_12)",
					"$(FRAMEWORK_SEARCH_PATHS_QUOTED_FOR_TARGET_13)",
					"$(FRAMEWORK_SEARCH_PATHS_QUOTED_FOR_TARGET_14)",
					"$(FRAMEWORK_SEARCH_PATHS_QUOTED_FOR_TARGET_15)",
					"$(FRAMEWORK_SEARCH_PATHS_QUOTED_FOR_TARGET_16)",
					"$(FRAMEWORK_SEARCH_PATHS_QUOTED_FOR_TARGET_17)",
					"$(FRAMEWORK_SEARCH_PATHS_QUOTED_FOR_TARGET_18)",
					"$(FRAMEWORK_SEARCH_PATHS_QUOTED_FOR_TARGET_19)",
					"$(FRAMEWORK_SEARCH_PATHS_QUOTED_FOR_TARGET_20)",
					"$(FRAMEWORK_SEARCH_PATHS_QUOTED_FOR_TARGET_21)",
					"$(FRAMEWORK_SEARCH_PATHS_QUOTED_FOR_TARGET_22)",
					"$(FRAMEWORK_SEARCH_PATHS_QUOTED_FOR_TARGET_23)",
					"$(FRAMEWORK_SEARCH_PATHS_QUOTED_FOR_TARGET_24)",
					"$(FRAMEWORK_SEARCH_PATHS_QUOTED_FOR_TARGET_25)",
					"$(FRAMEWORK_SEARCH_PATHS_QUOTED_FOR_TARGET_26)",
					"$(FRAMEWORK_SEARCH_PATHS_QUOTED_FOR_TARGET_27)",
					"$(FRAMEWORK_SEARCH_PATHS_QUOTED_FOR_TARGET_28)",
					"$(FRAMEWORK_SEARCH_PATHS_QUOTED_FOR_TARGET_29)",
				);
				FRAMEWORK_SEARCH_PATHS_QUOTED_2 = "\"$(SRCROOT)/../../../Projects/nitoTV/trunk/resources/take_two\"";
				FRAMEWORK_SEARCH_PATHS_QUOTED_3 = "\"$(SYSTEM_DEVELOPER_DIR)/SDKs/MacOSX10.4u.sdk/System/Library/Frameworks\"";
				FRAMEWORK_SEARCH_PATHS_QUOTED_FOR_TARGET_1 = "\"$(SRCROOT)/../nitoTV/trunk/resources/take_two\"";
				FRAMEWORK_SEARCH_PATHS_QUOTED_FOR_TARGET_10 = "\"$(SRCROOT)/../../Desktop/Frameworks\"";
				FRAMEWORK_SEARCH_PATHS_QUOTED_FOR_TARGET_11 = "\"$(SRCROOT)/../../Desktop/TV/2.3 frameworks\"";
				FRAMEWORK_SEARCH_PATHS_QUOTED_FOR_TARGET_12 = "\"$(SRCROOT)/../../Desktop/ATV/2.3 frameworks\"";
				FRAMEWORK_SEARCH_PATHS_QUOTED_FOR_TARGET_13 = "\"$(SRCROOT)/../../Desktop/ATV/2.1 frameworks\"";
				FRAMEWORK_SEARCH_PATHS_QUOTED_FOR_TARGET_14 = "\"$(SRCROOT)/../../Desktop\"";
				FRAMEWORK_SEARCH_PATHS_QUOTED_FOR_TARGET_15 = "\"$(SRCROOT)/..\"";
				FRAMEWORK_SEARCH_PATHS_QUOTED_FOR_TARGET_16 = "\"$(SRCROOT)/../../Desktop/TV/2.3 frameworks\"";
				FRAMEWORK_SEARCH_PATHS_QUOTED_FOR_TARGET_17 = "\"$(SRCROOT)/../../Desktop\"";
				FRAMEWORK_SEARCH_PATHS_QUOTED_FOR_TARGET_18 = "\"$(SRCROOT)/../../Desktop/TV/frameworks\"";
				FRAMEWORK_SEARCH_PATHS_QUOTED_FOR_TARGET_19 = "\"$(SRCROOT)/../../Desktop/TV/2.1 frameworks\"";
				FRAMEWORK_SEARCH_PATHS_QUOTED_FOR_TARGET_2 = "\"$(SRCROOT)/../../Desktop/Store/frameworks\"";
				FRAMEWORK_SEARCH_PATHS_QUOTED_FOR_TARGET_20 = "\"$(SRCROOT)/../../Projects/nitoTV/trunk/resources/take_two\"";
				FRAMEWORK_SEARCH_PATHS_QUOTED_FOR_TARGET_21 = "\"$(SRCROOT)/../TV/2.3 frameworks\"";
				FRAMEWORK_SEARCH_PATHS_QUOTED_FOR_TARGET_22 = "\"$(SRCROOT)/..\"";
				FRAMEWORK_SEARCH_PATHS_QUOTED_FOR_TARGET_23 = "\"$(SRCROOT)/../Desktop/TV/2.3 frameworks\"";
				FRAMEWORK_SEARCH_PATHS_QUOTED_FOR_TARGET_24 = "\"$(SRCROOT)/..\"";
				FRAMEWORK_SEARCH_PATHS_QUOTED_FOR_TARGET_25 = "\"$(SRCROOT)/../Desktop\"";
				FRAMEWORK_SEARCH_PATHS_QUOTED_FOR_TARGET_26 = "\"$(SRCROOT)/../Desktop/TV/2.3 frameworks\"";
				FRAMEWORK_SEARCH_PATHS_QUOTED_FOR_TARGET_27 = "\"$(SRCROOT)/..\"";
				FRAMEWORK_SEARCH_PATHS_QUOTED_FOR_TARGET_28 = "\"$(SRCROOT)/../Desktop\"";
				FRAMEWORK_SEARCH_PATHS_QUOTED_FOR_TARGET_29 = "\"$(SRCROOT)/../Desktop/TV/2.3 frameworks\"";
				FRAMEWORK_SEARCH_PATHS_QUOTED_FOR_TARGET_3 = "\"$(SRCROOT)/../../Desktop\"";
				FRAMEWORK_SEARCH_PATHS_QUOTED_FOR_TARGET_4 = "\"$(SRCROOT)/../../Desktop/Store/frameworks\"";
				FRAMEWORK_SEARCH_PATHS_QUOTED_FOR_TARGET_5 = "\"$(SRCROOT)/../../Desktop\"";
				FRAMEWORK_SEARCH_PATHS_QUOTED_FOR_TARGET_6 = "\"$(SRCROOT)/../../Desktop/TV/frameworks\"";
				FRAMEWORK_SEARCH_PATHS_QUOTED_FOR_TARGET_7 = "\"$(SRCROOT)/../../Desktop\"";
				FRAMEWORK_SEARCH_PATHS_QUOTED_FOR_TARGET_8 = "\"$(SRCROOT)/../../Desktop\"";
				FRAMEWORK_SEARCH_PATHS_QUOTED_FOR_TARGET_9 = "\"$(SRCROOT)/../../Desktop\"";
				GCC_ENABLE_OBJC_EXCEPTIONS = YES;
				GCC_GENERATE_DEBUGGING_SYMBOLS = NO;
				GCC_MODEL_TUNING = G5;
				GCC_PRECOMPILE_PREFIX_HEADER = YES;
				GCC_PREFIX_HEADER = QuDownloader_Prefix.pch;
				INFOPLIST_FILE = Info.plist;
				INSTALL_PATH = /System/Library/CoreServices/Finder.app/Contents/PlugIns;
				LIBRARY_SEARCH_PATHS = "$(LIBRARY_SEARCH_PATHS_QUOTED_1)";
				LIBRARY_SEARCH_PATHS_QUOTED_1 = "\"$(SRCROOT)\"";
				OTHER_LDFLAGS = (
					"-undefined",
					dynamic_lookup,
					"-lcrypto",
					"-weak_framework",
					iPhotoAccess,
					"-weak_framework",
					QTKit,
				);
				PRODUCT_NAME = SoftwareMenu;
				WRAPPER_EXTENSION = frappliance;
			};
			name = Release;
		};
		1DEB913F08733D840010E9CD /* Debug */ = {
			isa = XCBuildConfiguration;
			buildSettings = {
				GCC_WARN_ABOUT_RETURN_TYPE = YES;
				GCC_WARN_UNUSED_VARIABLE = YES;
				PREBINDING = NO;
				SDKROOT = /Developer/SDKs/MacOSX10.4u.sdk;
			};
			name = Debug;
		};
		1DEB914008733D840010E9CD /* Release */ = {
			isa = XCBuildConfiguration;
			buildSettings = {
				GCC_WARN_ABOUT_RETURN_TYPE = YES;
				GCC_WARN_UNUSED_VARIABLE = YES;
				PREBINDING = NO;
				SDKROOT = /Developer/SDKs/MacOSX10.4u.sdk;
			};
			name = Release;
		};
		E2A35FEA0EAE02B900FB6FD7 /* Debug */ = {
			isa = XCBuildConfiguration;
			buildSettings = {
				ALWAYS_SEARCH_USER_PATHS = NO;
				COPY_PHASE_STRIP = NO;
				GCC_DYNAMIC_NO_PIC = NO;
				GCC_ENABLE_FIX_AND_CONTINUE = YES;
				GCC_MODEL_TUNING = G5;
				GCC_OPTIMIZATION_LEVEL = 0;
				GCC_PRECOMPILE_PREFIX_HEADER = YES;
				GCC_PREFIX_HEADER = "$(SYSTEM_LIBRARY_DIR)/Frameworks/AppKit.framework/Headers/AppKit.h";
				INSTALL_PATH = /usr/local/bin;
				OTHER_LDFLAGS = (
					"-framework",
					Foundation,
					"-framework",
					AppKit,
				);
				PREBINDING = NO;
				PRODUCT_NAME = installHelper;
			};
			name = Debug;
		};
		E2A35FEB0EAE02B900FB6FD7 /* Release */ = {
			isa = XCBuildConfiguration;
			buildSettings = {
				ALWAYS_SEARCH_USER_PATHS = NO;
				COPY_PHASE_STRIP = YES;
				DEBUG_INFORMATION_FORMAT = "dwarf-with-dsym";
				GCC_ENABLE_FIX_AND_CONTINUE = NO;
				GCC_MODEL_TUNING = G5;
				GCC_PRECOMPILE_PREFIX_HEADER = YES;
				GCC_PREFIX_HEADER = "$(SYSTEM_LIBRARY_DIR)/Frameworks/AppKit.framework/Headers/AppKit.h";
				INSTALL_PATH = /usr/local/bin;
				OTHER_LDFLAGS = (
					"-framework",
					Foundation,
					"-framework",
					AppKit,
				);
				PREBINDING = NO;
				PRODUCT_NAME = installHelper;
				ZERO_LINK = NO;
			};
			name = Release;
		};
/* End XCBuildConfiguration section */

/* Begin XCConfigurationList section */
		1DEB913A08733D840010E9CD /* Build configuration list for PBXNativeTarget "SoftwareMenu" */ = {
			isa = XCConfigurationList;
			buildConfigurations = (
				1DEB913B08733D840010E9CD /* Debug */,
				1DEB913C08733D840010E9CD /* Release */,
			);
			defaultConfigurationIsVisible = 0;
			defaultConfigurationName = Release;
		};
		1DEB913E08733D840010E9CD /* Build configuration list for PBXProject "SoftwareMenu" */ = {
			isa = XCConfigurationList;
			buildConfigurations = (
				1DEB913F08733D840010E9CD /* Debug */,
				1DEB914008733D840010E9CD /* Release */,
			);
			defaultConfigurationIsVisible = 0;
			defaultConfigurationName = Release;
		};
		E2A35FEE0EAE02C000FB6FD7 /* Build configuration list for PBXNativeTarget "installHelper" */ = {
			isa = XCConfigurationList;
			buildConfigurations = (
				E2A35FEA0EAE02B900FB6FD7 /* Debug */,
				E2A35FEB0EAE02B900FB6FD7 /* Release */,
			);
			defaultConfigurationIsVisible = 0;
			defaultConfigurationName = Release;
		};
/* End XCConfigurationList section */
	};
	rootObject = 089C1669FE841209C02AAC07 /* Project object */;
}
